
Microsoft Visual Studio Solution File, Format Version 12.00
# Visual Studio Version 16
VisualStudioVersion = 16.0.28803.202
MinimumVisualStudioVersion = 10.0.40219.1
Project("{FAE04EC0-301F-11D3-BF4B-00C04F79EFBC}") = "NDS Cover downloader", "NDS Cover downloader\NDS Cover downloader.csproj", "{6BDC3914-CB47-444D-987E-D9007EE5ABB4}"
EndProject
Global
	GlobalSection(SolutionConfigurationPlatforms) = preSolution
		Debug|Any CPU = Debug|Any CPU
		Release|Any CPU = Release|Any CPU
	EndGlobalSection
	GlobalSection(ProjectConfigurationPlatforms) = postSolution
		{6BDC3914-CB47-444D-987E-D9007EE5ABB4}.Debug|Any CPU.ActiveCfg = Debug|Any CPU
		{6BDC3914-CB47-444D-987E-D9007EE5ABB4}.Debug|Any CPU.Build.0 = Debug|Any CPU
		{6BDC3914-CB47-444D-987E-D9007EE5ABB4}.Release|Any CPU.ActiveCfg = Release|Any CPU
		{6BDC3914-CB47-444D-987E-D9007EE5ABB4}.Release|Any CPU.Build.0 = Release|Any CPU
	EndGlobalSection
	GlobalSection(SolutionProperties) = preSolution
		HideSolutionNode = FALSE
	EndGlobalSection
	GlobalSection(ExtensibilityGlobals) = postSolution
		SolutionGuid = {194A3304-B953-40A1-AE1D-AA0BA954E09F}
	EndGlobalSection
EndGlobal
